
Microsoft Visual Studio Solution File, Format Version 12.00
# Visual Studio 15
VisualStudioVersion = 15.0.28307.489
MinimumVisualStudioVersion = 10.0.40219.1
Project("{FAE04EC0-301F-11D3-BF4B-00C04F79EFBC}") = "CopyFolder", "CopyFolder\CopyFolder.csproj", "{DFD006A4-0F24-4C50-ACD8-409D740EFF9F}"
EndProject
Global
	GlobalSection(SolutionConfigurationPlatforms) = preSolution
		Debug|Any CPU = Debug|Any CPU
		Release|Any CPU = Release|Any CPU
	EndGlobalSection
	GlobalSection(ProjectConfigurationPlatforms) = postSolution
		{DFD006A4-0F24-4C50-ACD8-409D740EFF9F}.Debug|Any CPU.ActiveCfg = Debug|Any CPU
		{DFD006A4-0F24-4C50-ACD8-409D740EFF9F}.Debug|Any CPU.Build.0 = Debug|Any CPU
		{DFD006A4-0F24-4C50-ACD8-409D740EFF9F}.Release|Any CPU.ActiveCfg = Release|Any CPU
		{DFD006A4-0F24-4C50-ACD8-409D740EFF9F}.Release|Any CPU.Build.0 = Release|Any CPU
	EndGlobalSection
	GlobalSection(SolutionProperties) = preSolution
		HideSolutionNode = FALSE
	EndGlobalSection
	GlobalSection(ExtensibilityGlobals) = postSolution
		SolutionGuid = {0F7CC302-64E8-4296-AC66-C7D0948AB01C}
	EndGlobalSection
EndGlobal
